
Microsoft Visual Studio Solution File, Format Version 12.00
# Visual Studio Version 16
VisualStudioVersion = 16.0.30709.132
MinimumVisualStudioVersion = 10.0.40219.1
Project("{9A19103F-16F7-4668-BE54-9A1E7A4F7556}") = "SumSecs", "SumSecs\SumSecs.csproj", "{6CC84B36-48DF-4471-B2CB-4FD2FED82EC1}"
EndProject
Project("{9A19103F-16F7-4668-BE54-9A1E7A4F7556}") = "BonusScore", "BonusScore\BonusScore.csproj", "{B3FF4A2A-D2CD-45D2-AD01-F3B8AFD4E35F}"
EndProject
Project("{9A19103F-16F7-4668-BE54-9A1E7A4F7556}") = "Scholarship", "Scholarship\Scholarship.csproj", "{BC9A2EED-A1C2-4EAD-9841-3BB06E0EC8F3}"
EndProject
Project("{9A19103F-16F7-4668-BE54-9A1E7A4F7556}") = "WorldSwimmingRecord", "WorldSwimmingRecord\WorldSwimmingRecord.csproj", "{B0440528-24B3-43CF-990C-4445B0E94C83}"
EndProject
Project("{9A19103F-16F7-4668-BE54-9A1E7A4F7556}") = "SpeedInfo", "SpeedInfo\SpeedInfo.csproj", "{1BE86631-B01B-4249-AFEE-8C0545D7A629}"
EndProject
Project("{9A19103F-16F7-4668-BE54-9A1E7A4F7556}") = "MetricConvertor", "MetricConvertor\MetricConvertor.csproj", "{5F3D772B-D57F-45EF-A560-7F49671FEA5A}"
EndProject
Project("{9A19103F-16F7-4668-BE54-9A1E7A4F7556}") = "TimePlus15Minutes", "TimePlus15Minutes\TimePlus15Minutes.csproj", "{B30CCFA8-A770-4F3D-A1B8-8C561120CBD1}"
EndProject
Project("{9A19103F-16F7-4668-BE54-9A1E7A4F7556}") = "GodzillaVsKingKong", "GodzillaVsKingKong\GodzillaVsKingKong.csproj", "{0504855A-354B-4CF2-8D24-CBCD660A176A}"
EndProject
Global
	GlobalSection(SolutionConfigurationPlatforms) = preSolution
		Debug|Any CPU = Debug|Any CPU
		Release|Any CPU = Release|Any CPU
	EndGlobalSection
	GlobalSection(ProjectConfigurationPlatforms) = postSolution
		{6CC84B36-48DF-4471-B2CB-4FD2FED82EC1}.Debug|Any CPU.ActiveCfg = Debug|Any CPU
		{6CC84B36-48DF-4471-B2CB-4FD2FED82EC1}.Debug|Any CPU.Build.0 = Debug|Any CPU
		{6CC84B36-48DF-4471-B2CB-4FD2FED82EC1}.Release|Any CPU.ActiveCfg = Release|Any CPU
		{6CC84B36-48DF-4471-B2CB-4FD2FED82EC1}.Release|Any CPU.Build.0 = Release|Any CPU
		{B3FF4A2A-D2CD-45D2-AD01-F3B8AFD4E35F}.Debug|Any CPU.ActiveCfg = Debug|Any CPU
		{B3FF4A2A-D2CD-45D2-AD01-F3B8AFD4E35F}.Debug|Any CPU.Build.0 = Debug|Any CPU
		{B3FF4A2A-D2CD-45D2-AD01-F3B8AFD4E35F}.Release|Any CPU.ActiveCfg = Release|Any CPU
		{B3FF4A2A-D2CD-45D2-AD01-F3B8AFD4E35F}.Release|Any CPU.Build.0 = Release|Any CPU
		{BC9A2EED-A1C2-4EAD-9841-3BB06E0EC8F3}.Debug|Any CPU.ActiveCfg = Debug|Any CPU
		{BC9A2EED-A1C2-4EAD-9841-3BB06E0EC8F3}.Debug|Any CPU.Build.0 = Debug|Any CPU
		{BC9A2EED-A1C2-4EAD-9841-3BB06E0EC8F3}.Release|Any CPU.ActiveCfg = Release|Any CPU
		{BC9A2EED-A1C2-4EAD-9841-3BB06E0EC8F3}.Release|Any CPU.Build.0 = Release|Any CPU
		{B0440528-24B3-43CF-990C-4445B0E94C83}.Debug|Any CPU.ActiveCfg = Debug|Any CPU
		{B0440528-24B3-43CF-990C-4445B0E94C83}.Debug|Any CPU.Build.0 = Debug|Any CPU
		{B0440528-24B3-43CF-990C-4445B0E94C83}.Release|Any CPU.ActiveCfg = Release|Any CPU
		{B0440528-24B3-43CF-990C-4445B0E94C83}.Release|Any CPU.Build.0 = Release|Any CPU
		{1BE86631-B01B-4249-AFEE-8C0545D7A629}.Debug|Any CPU.ActiveCfg = Debug|Any CPU
		{1BE86631-B01B-4249-AFEE-8C0545D7A629}.Debug|Any CPU.Build.0 = Debug|Any CPU
		{1BE86631-B01B-4249-AFEE-8C0545D7A629}.Release|Any CPU.ActiveCfg = Release|Any CPU
		{1BE86631-B01B-4249-AFEE-8C0545D7A629}.Release|Any CPU.Build.0 = Release|Any CPU
		{5F3D772B-D57F-45EF-A560-7F49671FEA5A}.Debug|Any CPU.ActiveCfg = Debug|Any CPU
		{5F3D772B-D57F-45EF-A560-7F49671FEA5A}.Debug|Any CPU.Build.0 = Debug|Any CPU
		{5F3D772B-D57F-45EF-A560-7F49671FEA5A}.Release|Any CPU.ActiveCfg = Release|Any CPU
		{5F3D772B-D57F-45EF-A560-7F49671FEA5A}.Release|Any CPU.Build.0 = Release|Any CPU
		{B30CCFA8-A770-4F3D-A1B8-8C561120CBD1}.Debug|Any CPU.ActiveCfg = Debug|Any CPU
		{B30CCFA8-A770-4F3D-A1B8-8C561120CBD1}.Debug|Any CPU.Build.0 = Debug|Any CPU
		{B30CCFA8-A770-4F3D-A1B8-8C561120CBD1}.Release|Any CPU.ActiveCfg = Release|Any CPU
		{B30CCFA8-A770-4F3D-A1B8-8C561120CBD1}.Release|Any CPU.Build.0 = Release|Any CPU
		{0504855A-354B-4CF2-8D24-CBCD660A176A}.Debug|Any CPU.ActiveCfg = Debug|Any CPU
		{0504855A-354B-4CF2-8D24-CBCD660A176A}.Debug|Any CPU.Build.0 = Debug|Any CPU
		{0504855A-354B-4CF2-8D24-CBCD660A176A}.Release|Any CPU.ActiveCfg = Release|Any CPU
		{0504855A-354B-4CF2-8D24-CBCD660A176A}.Release|Any CPU.Build.0 = Release|Any CPU
	EndGlobalSection
	GlobalSection(SolutionProperties) = preSolution
		HideSolutionNode = FALSE
	EndGlobalSection
	GlobalSection(ExtensibilityGlobals) = postSolution
		SolutionGuid = {FEEB7922-3926-4E69-867E-555AC9A83C04}
	EndGlobalSection
EndGlobal
